
Microsoft Visual Studio Solution File, Format Version 12.00
# Visual Studio Version 16
VisualStudioVersion = 16.0.31410.357
MinimumVisualStudioVersion = 10.0.40219.1
Project("{FAE04EC0-301F-11D3-BF4B-00C04F79EFBC}") = "2ª_Avaliação", "2ª_Avaliação\2ª_Avaliação.csproj", "{81EFC2B4-4E1F-4459-98D8-6A69D08D3161}"
EndProject
Global
	GlobalSection(SolutionConfigurationPlatforms) = preSolution
		Debug|Any CPU = Debug|Any CPU
		Release|Any CPU = Release|Any CPU
	EndGlobalSection
	GlobalSection(ProjectConfigurationPlatforms) = postSolution
		{81EFC2B4-4E1F-4459-98D8-6A69D08D3161}.Debug|Any CPU.ActiveCfg = Debug|Any CPU
		{81EFC2B4-4E1F-4459-98D8-6A69D08D3161}.Debug|Any CPU.Build.0 = Debug|Any CPU
		{81EFC2B4-4E1F-4459-98D8-6A69D08D3161}.Release|Any CPU.ActiveCfg = Release|Any CPU
		{81EFC2B4-4E1F-4459-98D8-6A69D08D3161}.Release|Any CPU.Build.0 = Release|Any CPU
	EndGlobalSection
	GlobalSection(SolutionProperties) = preSolution
		HideSolutionNode = FALSE
	EndGlobalSection
	GlobalSection(ExtensibilityGlobals) = postSolution
		SolutionGuid = {EB70E6A9-1A40-4909-9977-D167F2B00491}
	EndGlobalSection
EndGlobal
